
Microsoft Visual Studio Solution File, Format Version 12.00
# Visual Studio Version 17
VisualStudioVersion = 17.3.32929.385
MinimumVisualStudioVersion = 10.0.40219.1
Project("{FAE04EC0-301F-11D3-BF4B-00C04F79EFBC}") = "Hệ Điều Hành LRU", "Hệ Điều Hành LRU\Hệ Điều Hành LRU.csproj", "{5A3D7C52-5B70-4EB0-A9BB-D93C608D3CB4}"
EndProject
Global
	GlobalSection(SolutionConfigurationPlatforms) = preSolution
		Debug|Any CPU = Debug|Any CPU
		Release|Any CPU = Release|Any CPU
	EndGlobalSection
	GlobalSection(ProjectConfigurationPlatforms) = postSolution
		{5A3D7C52-5B70-4EB0-A9BB-D93C608D3CB4}.Debug|Any CPU.ActiveCfg = Debug|Any CPU
		{5A3D7C52-5B70-4EB0-A9BB-D93C608D3CB4}.Debug|Any CPU.Build.0 = Debug|Any CPU
		{5A3D7C52-5B70-4EB0-A9BB-D93C608D3CB4}.Release|Any CPU.ActiveCfg = Release|Any CPU
		{5A3D7C52-5B70-4EB0-A9BB-D93C608D3CB4}.Release|Any CPU.Build.0 = Release|Any CPU
	EndGlobalSection
	GlobalSection(SolutionProperties) = preSolution
		HideSolutionNode = FALSE
	EndGlobalSection
	GlobalSection(ExtensibilityGlobals) = postSolution
		SolutionGuid = {F8BD0B22-3535-4A1E-832B-4E0CE41C67CD}
	EndGlobalSection
EndGlobal
